
Microsoft Visual Studio Solution File, Format Version 12.00
# Visual Studio Version 17
VisualStudioVersion = 17.8.34322.80
MinimumVisualStudioVersion = 10.0.40219.1
Project("{9A19103F-16F7-4668-BE54-9A1E7A4F7556}") = "CacheAsideUnitTests", "CacheAsideUnitTests\CacheAsideUnitTests.csproj", "{3613D0CF-8D51-4FC3-A61E-F18CAD6FCEDA}"
EndProject
Project("{9A19103F-16F7-4668-BE54-9A1E7A4F7556}") = "CacheAside", "CacheAside\CacheAside.csproj", "{84C58385-2E20-45F7-B9B6-E5636FF04DF8}"
EndProject
Global
	GlobalSection(SolutionConfigurationPlatforms) = preSolution
		Debug|Any CPU = Debug|Any CPU
		Release|Any CPU = Release|Any CPU
	EndGlobalSection
	GlobalSection(ProjectConfigurationPlatforms) = postSolution
		{3613D0CF-8D51-4FC3-A61E-F18CAD6FCEDA}.Debug|Any CPU.ActiveCfg = Debug|Any CPU
		{3613D0CF-8D51-4FC3-A61E-F18CAD6FCEDA}.Debug|Any CPU.Build.0 = Debug|Any CPU
		{3613D0CF-8D51-4FC3-A61E-F18CAD6FCEDA}.Release|Any CPU.ActiveCfg = Release|Any CPU
		{3613D0CF-8D51-4FC3-A61E-F18CAD6FCEDA}.Release|Any CPU.Build.0 = Release|Any CPU
		{84C58385-2E20-45F7-B9B6-E5636FF04DF8}.Debug|Any CPU.ActiveCfg = Debug|Any CPU
		{84C58385-2E20-45F7-B9B6-E5636FF04DF8}.Debug|Any CPU.Build.0 = Debug|Any CPU
		{84C58385-2E20-45F7-B9B6-E5636FF04DF8}.Release|Any CPU.ActiveCfg = Release|Any CPU
		{84C58385-2E20-45F7-B9B6-E5636FF04DF8}.Release|Any CPU.Build.0 = Release|Any CPU
	EndGlobalSection
	GlobalSection(SolutionProperties) = preSolution
		HideSolutionNode = FALSE
	EndGlobalSection
	GlobalSection(ExtensibilityGlobals) = postSolution
		SolutionGuid = {0DF9E295-1846-4B51-9877-ECB8FF7D5595}
	EndGlobalSection
EndGlobal
